
Microsoft Visual Studio Solution File, Format Version 12.00
# Visual Studio 14
VisualStudioVersion = 14.0.25420.1
MinimumVisualStudioVersion = 10.0.40219.1
Project("{FAE04EC0-301F-11D3-BF4B-00C04F79EFBC}") = "IAM", "IAM\IAM.csproj", "{BABF139A-6529-4CAA-B560-DF616B71A8B7}"
EndProject
Project("{FAE04EC0-301F-11D3-BF4B-00C04F79EFBC}") = "WpfIAMTest", "WpfIAMTest\WpfIAMTest.csproj", "{DCE68388-BB08-42AF-AE91-DF6A2B45ADF5}"
EndProject
Project("{FAE04EC0-301F-11D3-BF4B-00C04F79EFBC}") = "WpfIAM", "WpfIAM\WpfIAM.csproj", "{40561FAA-8643-4C55-9F6E-6D63B492C3B3}"
EndProject
Project("{FAE04EC0-301F-11D3-BF4B-00C04F79EFBC}") = "WpfOpenAuthTest", "WpfOpenAuthTest\WpfOpenAuthTest.csproj", "{EFDFE386-B334-4B2A-A764-5EE0C16AB301}"
EndProject
Global
	GlobalSection(SolutionConfigurationPlatforms) = preSolution
		Debug|Any CPU = Debug|Any CPU
		Release|Any CPU = Release|Any CPU
	EndGlobalSection
	GlobalSection(ProjectConfigurationPlatforms) = postSolution
		{BABF139A-6529-4CAA-B560-DF616B71A8B7}.Debug|Any CPU.ActiveCfg = Debug|Any CPU
		{BABF139A-6529-4CAA-B560-DF616B71A8B7}.Debug|Any CPU.Build.0 = Debug|Any CPU
		{BABF139A-6529-4CAA-B560-DF616B71A8B7}.Release|Any CPU.ActiveCfg = Release|Any CPU
		{BABF139A-6529-4CAA-B560-DF616B71A8B7}.Release|Any CPU.Build.0 = Release|Any CPU
		{DCE68388-BB08-42AF-AE91-DF6A2B45ADF5}.Debug|Any CPU.ActiveCfg = Debug|Any CPU
		{DCE68388-BB08-42AF-AE91-DF6A2B45ADF5}.Debug|Any CPU.Build.0 = Debug|Any CPU
		{DCE68388-BB08-42AF-AE91-DF6A2B45ADF5}.Release|Any CPU.ActiveCfg = Release|Any CPU
		{DCE68388-BB08-42AF-AE91-DF6A2B45ADF5}.Release|Any CPU.Build.0 = Release|Any CPU
		{40561FAA-8643-4C55-9F6E-6D63B492C3B3}.Debug|Any CPU.ActiveCfg = Debug|Any CPU
		{40561FAA-8643-4C55-9F6E-6D63B492C3B3}.Debug|Any CPU.Build.0 = Debug|Any CPU
		{40561FAA-8643-4C55-9F6E-6D63B492C3B3}.Release|Any CPU.ActiveCfg = Release|Any CPU
		{40561FAA-8643-4C55-9F6E-6D63B492C3B3}.Release|Any CPU.Build.0 = Release|Any CPU
		{EFDFE386-B334-4B2A-A764-5EE0C16AB301}.Debug|Any CPU.ActiveCfg = Debug|Any CPU
		{EFDFE386-B334-4B2A-A764-5EE0C16AB301}.Debug|Any CPU.Build.0 = Debug|Any CPU
		{EFDFE386-B334-4B2A-A764-5EE0C16AB301}.Release|Any CPU.ActiveCfg = Release|Any CPU
		{EFDFE386-B334-4B2A-A764-5EE0C16AB301}.Release|Any CPU.Build.0 = Release|Any CPU
	EndGlobalSection
	GlobalSection(SolutionProperties) = preSolution
		HideSolutionNode = FALSE
	EndGlobalSection
EndGlobal
